{
  "version": 4,
  "terraform_version": "1.15.0",
  "serial": 4,
  "lineage": "236c68de-564f-988a-459c-b7303dcb8c08",
  "outputs": {},
  "resources": [
    {
      "mode": "managed",
      "type": "azurerm_container_registry",
      "name": "acr",
      "provider": "provider[\"registry.terraform.io/hashicorp/azurerm\"]",
      "instances": [
        {
          "schema_version": 2,
          "attributes": {
            "admin_enabled": true,
            "admin_password": "1xN5ldBmC3k7wNqNq93VB2agkIZQ9A6lWV9fGy39djzQj5j2q6SwJQQJ99CDACGhslBEqg7NAAACAZCRWAo0",
            "admin_username": "translatorregistry2026",
            "anonymous_pull_enabled": false,
            "data_endpoint_enabled": false,
            "encryption": [
              {
                "enabled": false,
                "identity_client_id": "",
                "key_vault_key_id": ""
              }
            ],
            "export_policy_enabled": true,
            "georeplications": [],
            "id": "/subscriptions/11eb73fc-aa46-4611-80ff-379db3756d49/resourceGroups/Translation-rg/providers/Microsoft.ContainerRegistry/registries/translatorregistry2026",
            "identity": [],
            "location": "centralindia",
            "login_server": "translatorregistry2026.azurecr.io",
            "name": "translatorregistry2026",
            "network_rule_bypass_option": "AzureServices",
            "network_rule_set": [],
            "public_network_access_enabled": true,
            "quarantine_policy_enabled": false,
            "resource_group_name": "Translation-rg",
            "retention_policy": [
              {
                "days": 7,
                "enabled": false
              }
            ],
            "sku": "Basic",
            "tags": {},
            "timeouts": null,
            "trust_policy": [
              {
                "enabled": false
              }
            ],
            "zone_redundancy_enabled": false
          },
          "sensitive_attributes": [
            [
              {
                "type": "get_attr",
                "value": "admin_password"
              }
            ]
          ],
          "identity_schema_version": 0,
          "private": "eyJlMmJmYjczMC1lY2FhLTExZTYtOGY4OC0zNDM2M2JjN2M0YzAiOnsiY3JlYXRlIjoxODAwMDAwMDAwMDAwLCJkZWxldGUiOjE4MDAwMDAwMDAwMDAsInJlYWQiOjMwMDAwMDAwMDAwMCwidXBkYXRlIjoxODAwMDAwMDAwMDAwfSwic2NoZW1hX3ZlcnNpb24iOiIyIn0="
        }
      ]
    },
    {
      "mode": "managed",
      "type": "azurerm_linux_web_app",
      "name": "webapp",
      "provider": "provider[\"registry.terraform.io/hashicorp/azurerm\"]",
      "instances": [
        {
          "schema_version": 1,
          "attributes": {
            "app_settings": {
              "WEBSITES_ENABLE_APP_SERVICE_STORAGE": "false"
            },
            "auth_settings": [],
            "auth_settings_v2": [],
            "backup": [],
            "client_affinity_enabled": false,
            "client_certificate_enabled": false,
            "client_certificate_exclusion_paths": "",
            "client_certificate_mode": "Required",
            "connection_string": [],
            "custom_domain_verification_id": "456F822E67133DF2CD60543B28B5480240C5E24455F523E8AF3E9FDD37FC0272",
            "default_hostname": "multilingual-translator-b9ejasehgqbsg5g8.southeastasia-01.azurewebsites.net",
            "enabled": true,
            "ftp_publish_basic_authentication_enabled": false,
            "hosting_environment_id": "",
            "https_only": true,
            "id": "/subscriptions/11eb73fc-aa46-4611-80ff-379db3756d49/resourceGroups/Translation-rg/providers/Microsoft.Web/sites/multilingual-translator",
            "identity": [],
            "key_vault_reference_identity_id": "SystemAssigned",
            "kind": "app,linux",
            "location": "southeastasia",
            "logs": [],
            "name": "multilingual-translator",
            "outbound_ip_address_list": [
              "172.188.197.214",
              "172.188.197.241",
              "172.188.193.94",
              "172.188.198.18",
              "172.188.195.225",
              "172.188.197.70",
              "57.158.168.178",
              "52.253.85.81",
              "4.145.120.127",
              "57.155.27.234",
              "40.90.185.170",
              "57.158.169.194",
              "172.188.194.175",
              "172.188.194.199",
              "172.188.195.117",
              "172.188.195.153",
              "172.188.196.13",
              "172.188.197.51",
              "20.212.64.3"
            ],
            "outbound_ip_addresses": "172.188.197.214,172.188.197.241,172.188.193.94,172.188.198.18,172.188.195.225,172.188.197.70,57.158.168.178,52.253.85.81,4.145.120.127,57.155.27.234,40.90.185.170,57.158.169.194,172.188.194.175,172.188.194.199,172.188.195.117,172.188.195.153,172.188.196.13,172.188.197.51,20.212.64.3",
            "possible_outbound_ip_address_list": [
              "172.188.197.214",
              "172.188.197.241",
              "172.188.193.94",
              "172.188.198.18",
              "172.188.195.225",
              "172.188.197.70",
              "57.158.168.178",
              "52.253.85.81",
              "4.145.120.127",
              "57.155.27.234",
              "40.90.185.170",
              "57.158.169.194",
              "172.188.194.175",
              "172.188.194.199",
              "172.188.195.117",
              "172.188.195.153",
              "172.188.196.13",
              "172.188.197.51",
              "172.188.197.58",
              "172.188.197.72",
              "172.188.197.81",
              "172.188.197.124",
              "172.188.197.135",
              "172.188.197.162",
              "172.188.197.166",
              "172.188.197.181",
              "172.188.197.182",
              "172.188.192.218",
              "172.188.197.203",
              "172.188.197.208",
              "172.188.198.13",
              "172.188.198.25",
              "172.188.192.198",
              "172.188.198.38",
              "172.188.198.90",
              "172.188.198.120",
              "20.212.64.3"
            ],
            "possible_outbound_ip_addresses": "172.188.197.214,172.188.197.241,172.188.193.94,172.188.198.18,172.188.195.225,172.188.197.70,57.158.168.178,52.253.85.81,4.145.120.127,57.155.27.234,40.90.185.170,57.158.169.194,172.188.194.175,172.188.194.199,172.188.195.117,172.188.195.153,172.188.196.13,172.188.197.51,172.188.197.58,172.188.197.72,172.188.197.81,172.188.197.124,172.188.197.135,172.188.197.162,172.188.197.166,172.188.197.181,172.188.197.182,172.188.192.218,172.188.197.203,172.188.197.208,172.188.198.13,172.188.198.25,172.188.192.198,172.188.198.38,172.188.198.90,172.188.198.120,20.212.64.3",
            "public_network_access_enabled": true,
            "resource_group_name": "Translation-rg",
            "service_plan_id": "/subscriptions/11eb73fc-aa46-4611-80ff-379db3756d49/resourceGroups/Translation-rg/providers/Microsoft.Web/serverFarms/ASP-Translationrg-80f5",
            "site_config": [
              {
                "always_on": false,
                "api_definition_url": "",
                "api_management_api_id": "",
                "app_command_line": "",
                "application_stack": [
                  {
                    "docker_image": "",
                    "docker_image_name": "",
                    "docker_image_tag": "",
                    "docker_registry_password": "",
                    "docker_registry_url": "",
                    "docker_registry_username": "",
                    "dotnet_version": "",
                    "go_version": "",
                    "java_server": "",
                    "java_server_version": "",
                    "java_version": "",
                    "node_version": "",
                    "php_version": "",
                    "python_version": "",
                    "ruby_version": ""
                  }
                ],
                "auto_heal_enabled": false,
                "auto_heal_setting": [],
                "container_registry_managed_identity_client_id": "",
                "container_registry_use_managed_identity": false,
                "cors": [],
                "default_documents": [
                  "Default.htm",
                  "Default.html",
                  "Default.asp",
                  "index.htm",
                  "index.html",
                  "iisstart.htm",
                  "default.aspx",
                  "index.php",
                  "hostingstart.html"
                ],
                "detailed_error_logging_enabled": false,
                "ftps_state": "FtpsOnly",
                "health_check_eviction_time_in_min": 0,
                "health_check_path": "",
                "http2_enabled": false,
                "ip_restriction": [],
                "ip_restriction_default_action": "",
                "linux_fx_version": "sitecontainers",
                "load_balancing_mode": "LeastRequests",
                "local_mysql_enabled": false,
                "managed_pipeline_mode": "Integrated",
                "minimum_tls_version": "1.2",
                "remote_debugging_enabled": false,
                "remote_debugging_version": "",
                "scm_ip_restriction": [],
                "scm_ip_restriction_default_action": "",
                "scm_minimum_tls_version": "1.2",
                "scm_type": "None",
                "scm_use_main_ip_restriction": false,
                "use_32_bit_worker": true,
                "vnet_route_all_enabled": false,
                "websockets_enabled": false,
                "worker_count": 1
              }
            ],
            "site_credential": [
              {
                "name": "REDACTED",
                "password": "REDACTED"
              }
            ],
            "sticky_settings": [],
            "storage_account": [],
            "tags": {},
            "timeouts": null,
            "virtual_network_subnet_id": "",
            "webdeploy_publish_basic_authentication_enabled": false,
            "zip_deploy_file": ""
          },
          "sensitive_attributes": [
            [
              {
                "type": "get_attr",
                "value": "custom_domain_verification_id"
              }
            ],
            [
              {
                "type": "get_attr",
                "value": "site_config"
              },
              {
                "type": "index",
                "value": {
                  "value": 0,
                  "type": "number"
                }
              },
              {
                "type": "get_attr",
                "value": "application_stack"
              },
              {
                "type": "index",
                "value": {
                  "value": 0,
                  "type": "number"
                }
              },
              {
                "type": "get_attr",
                "value": "docker_registry_password"
              }
            ],
            [
              {
                "type": "get_attr",
                "value": "site_credential"
              }
            ]
          ],
          "identity_schema_version": 0,
          "private": "eyJlMmJmYjczMC1lY2FhLTExZTYtOGY4OC0zNDM2M2JjN2M0YzAiOnsiY3JlYXRlIjoxODAwMDAwMDAwMDAwLCJkZWxldGUiOjE4MDAwMDAwMDAwMDAsInJlYWQiOjMwMDAwMDAwMDAwMCwidXBkYXRlIjoxODAwMDAwMDAwMDAwfSwic2NoZW1hX3ZlcnNpb24iOiIxIn0="
        }
      ]
    },
    {
      "mode": "managed",
      "type": "azurerm_resource_group",
      "name": "rg",
      "provider": "provider[\"registry.terraform.io/hashicorp/azurerm\"]",
      "instances": [
        {
          "schema_version": 0,
          "attributes": {
            "id": "/subscriptions/11eb73fc-aa46-4611-80ff-379db3756d49/resourceGroups/Translation-rg",
            "location": "centralindia",
            "managed_by": "",
            "name": "Translation-rg",
            "tags": {},
            "timeouts": null
          },
          "sensitive_attributes": [],
          "identity_schema_version": 0,
          "private": "eyJlMmJmYjczMC1lY2FhLTExZTYtOGY4OC0zNDM2M2JjN2M0YzAiOnsiY3JlYXRlIjo1NDAwMDAwMDAwMDAwLCJkZWxldGUiOjU0MDAwMDAwMDAwMDAsInJlYWQiOjMwMDAwMDAwMDAwMCwidXBkYXRlIjo1NDAwMDAwMDAwMDAwfSwic2NoZW1hX3ZlcnNpb24iOiIwIn0="
        }
      ]
    },
    {
      "mode": "managed",
      "type": "azurerm_service_plan",
      "name": "plan",
      "provider": "provider[\"registry.terraform.io/hashicorp/azurerm\"]",
      "instances": [
        {
          "schema_version": 1,
          "attributes": {
            "app_service_environment_id": "",
            "id": "/subscriptions/11eb73fc-aa46-4611-80ff-379db3756d49/resourceGroups/Translation-rg/providers/Microsoft.Web/serverFarms/ASP-Translationrg-80f5",
            "kind": "linux",
            "location": "southeastasia",
            "maximum_elastic_worker_count": 1,
            "name": "ASP-Translationrg-80f5",
            "os_type": "Linux",
            "per_site_scaling_enabled": false,
            "reserved": true,
            "resource_group_name": "Translation-rg",
            "sku_name": "F1",
            "tags": {},
            "timeouts": null,
            "worker_count": 1,
            "zone_balancing_enabled": false
          },
          "sensitive_attributes": [],
          "identity_schema_version": 0,
          "private": "eyJlMmJmYjczMC1lY2FhLTExZTYtOGY4OC0zNDM2M2JjN2M0YzAiOnsiY3JlYXRlIjozNjAwMDAwMDAwMDAwLCJkZWxldGUiOjM2MDAwMDAwMDAwMDAsInJlYWQiOjMwMDAwMDAwMDAwMCwidXBkYXRlIjozNjAwMDAwMDAwMDAwfSwic2NoZW1hX3ZlcnNpb24iOiIxIn0="
        }
      ]
    }
  ],
  "check_results": null
}
